
Microsoft Visual Studio Solution File, Format Version 12.00
# Visual Studio Version 16
VisualStudioVersion = 16.0.30717.126
MinimumVisualStudioVersion = 10.0.40219.1
Project("{FAE04EC0-301F-11D3-BF4B-00C04F79EFBC}") = "HelloWorld", "HelloWorld\HelloWorld.csproj", "{200A67B8-9818-414B-AF44-B4F798798075}"
EndProject
Global
	GlobalSection(SolutionConfigurationPlatforms) = preSolution
		Debug|Any CPU = Debug|Any CPU
		Release|Any CPU = Release|Any CPU
	EndGlobalSection
	GlobalSection(ProjectConfigurationPlatforms) = postSolution
		{200A67B8-9818-414B-AF44-B4F798798075}.Debug|Any CPU.ActiveCfg = Debug|Any CPU
		{200A67B8-9818-414B-AF44-B4F798798075}.Debug|Any CPU.Build.0 = Debug|Any CPU
		{200A67B8-9818-414B-AF44-B4F798798075}.Release|Any CPU.ActiveCfg = Release|Any CPU
		{200A67B8-9818-414B-AF44-B4F798798075}.Release|Any CPU.Build.0 = Release|Any CPU
	EndGlobalSection
	GlobalSection(SolutionProperties) = preSolution
		HideSolutionNode = FALSE
	EndGlobalSection
	GlobalSection(ExtensibilityGlobals) = postSolution
		SolutionGuid = {8BFABFCC-E0F7-4802-9346-01DC5CAEF277}
	EndGlobalSection
EndGlobal
